lockfileVersion: '6.0'

dependencies:
  p-queue:
    specifier: ^7.3.4
    version: 7.3.4

devDependencies:
  typescript:
    specifier: ^5.0.4
    version: 5.0.4

packages:

  /eventemitter3@4.0.7:
    resolution: {integrity: sha512-8guHBZCwKnFhYdHr2ysuRWErTwhoN2X8XELRlrRwpmfeY2jjuUN4taQMsULKUVo1K4DvZl+0pgfyoysHxvmvEw==}
    dev: false

  /p-queue@7.3.4:
    resolution: {integrity: sha512-esox8CWt0j9EZECFvkFl2WNPat8LN4t7WWeXq73D9ha0V96qPRufApZi4ZhPwXAln1uVVal429HVVKPa2X0yQg==}
    engines: {node: '>=12'}
    dependencies:
      eventemitter3: 4.0.7
      p-timeout: 5.1.0
    dev: false

  /p-timeout@5.1.0:
    resolution: {integrity: sha512-auFDyzzzGZZZdHz3BtET9VEz0SE/uMEAx7uWfGPucfzEwwe/xH0iVeZibQmANYE/hp9T2+UUZT5m+BKyrDp3Ew==}
    engines: {node: '>=12'}
    dev: false

  /typescript@5.0.4:
    resolution: {integrity: sha512-cW9T5W9xY37cc+jfEnaUvX91foxtHkza3Nw3wkoF4sSlKn0MONdkdEndig/qPBWXNkmplh3NzayQzCiHM4/hqw==}
    engines: {node: '>=12.20'}
    hasBin: true
    dev: true
